{
  "SurveyEntry": {
    "SurveyID": "SV_AI_Text_Ranking_2x2x2",
    "SurveyName": "AI_Text_Ranking_2x2x2",
    "SurveyOwnerID": "UR_AI",
    "SurveyBrandID": "AI",
    "DivisionID": null,
    "SurveyVersion": "1",
    "SurveyActiveResponseSet": "RS_1",
    "SurveyStatus": "Active",
    "SurveyStartDate": "2025-11-21T04:31:44Z",
    "SurveyCreationDate": "2025-11-21T04:31:44Z",
    "CreatorID": "UR_AI",
    "LastModified": "2025-11-21T04:31:44Z"
  },
  "SurveyElements": [
    {
      "SurveyID": "SV_AI_Text_Ranking_2x2x2",
      "Element": "BL",
      "PrimaryAttribute": "BL_A1",
      "SecondaryAttribute": "News Order 1",
      "TertiaryAttribute": null,
      "Payload": {
        "Type": "Standard",
        "SubType": "",
        "Description": "News Order 1",
        "ID": "BL_A1",
        "BlockElements": [
          {
            "Type": "Question",
            "QuestionID": "QID_A1",
            "Description": "News Order 1"
          }
        ]
      }
    },
    {
      "SurveyID": "SV_AI_Text_Ranking_2x2x2",
      "Element": "BL",
      "PrimaryAttribute": "BL_A2",
      "SecondaryAttribute": "News Order 2",
      "TertiaryAttribute": null,
      "Payload": {
        "Type": "Standard",
        "SubType": "",
        "Description": "News Order 2",
        "ID": "BL_A2",
        "BlockElements": [
          {
            "Type": "Question",
            "QuestionID": "QID_A2",
            "Description": "News Order 2"
          }
        ]
      }
    },
    {
      "SurveyID": "SV_AI_Text_Ranking_2x2x2",
      "Element": "BL",
      "PrimaryAttribute": "BL_A3",
      "SecondaryAttribute": "News Order 3",
      "TertiaryAttribute": null,
      "Payload": {
        "Type": "Standard",
        "SubType": "",
        "Description": "News Order 3",
        "ID": "BL_A3",
        "BlockElements": [
          {
            "Type": "Question",
            "QuestionID": "QID_A3",
            "Description": "News Order 3"
          }
        ]
      }
    },
    {
      "SurveyID": "SV_AI_Text_Ranking_2x2x2",
      "Element": "BL",
      "PrimaryAttribute": "BL_A4",
      "SecondaryAttribute": "News Order 4",
      "TertiaryAttribute": null,
      "Payload": {
        "Type": "Standard",
        "SubType": "",
        "Description": "News Order 4",
        "ID": "BL_A4",
        "BlockElements": [
          {
            "Type": "Question",
            "QuestionID": "QID_A4",
            "Description": "News Order 4"
          }
        ]
      }
    },
    {
      "SurveyID": "SV_AI_Text_Ranking_2x2x2",
      "Element": "BL",
      "PrimaryAttribute": "BL_B1",
      "SecondaryAttribute": "Fiction Order 1",
      "TertiaryAttribute": null,
      "Payload": {
        "Type": "Standard",
        "SubType": "",
        "Description": "Fiction Order 1",
        "ID": "BL_B1",
        "BlockElements": [
          {
            "Type": "Question",
            "QuestionID": "QID_B1",
            "Description": "Fiction Order 1"
          }
        ]
      }
    },
    {
      "SurveyID": "SV_AI_Text_Ranking_2x2x2",
      "Element": "BL",
      "PrimaryAttribute": "BL_B2",
      "SecondaryAttribute": "Fiction Order 2",
      "TertiaryAttribute": null,
      "Payload": {
        "Type": "Standard",
        "SubType": "",
        "Description": "Fiction Order 2",
        "ID": "BL_B2",
        "BlockElements": [
          {
            "Type": "Question",
            "QuestionID": "QID_B2",
            "Description": "Fiction Order 2"
          }
        ]
      }
    },
    {
      "SurveyID": "SV_AI_Text_Ranking_2x2x2",
      "Element": "BL",
      "PrimaryAttribute": "BL_B3",
      "SecondaryAttribute": "Fiction Order 3",
      "TertiaryAttribute": null,
      "Payload": {
        "Type": "Standard",
        "SubType": "",
        "Description": "Fiction Order 3",
        "ID": "BL_B3",
        "BlockElements": [
          {
            "Type": "Question",
            "QuestionID": "QID_B3",
            "Description": "Fiction Order 3"
          }
        ]
      }
    },
    {
      "SurveyID": "SV_AI_Text_Ranking_2x2x2",
      "Element": "BL",
      "PrimaryAttribute": "BL_B4",
      "SecondaryAttribute": "Fiction Order 4",
      "TertiaryAttribute": null,
      "Payload": {
        "Type": "Standard",
        "SubType": "",
        "Description": "Fiction Order 4",
        "ID": "BL_B4",
        "BlockElements": [
          {
            "Type": "Question",
            "QuestionID": "QID_B4",
            "Description": "Fiction Order 4"
          }
        ]
      }
    },
    {
      "SurveyID": "SV_AI_Text_Ranking_2x2x2",
      "Element": "SQ",
      "PrimaryAttribute": "QID_A1",
      "SecondaryAttribute": "Rank the 4 News texts by human-likeness (1 = most human-like … 4 = least). No ties.",
      "TertiaryAttribute": "1",
      "Payload": {
        "QuestionText": "Rank the 4 News texts by human-likeness (1 = most human-like … 4 = least). No ties.",
        "DefaultChoices": false,
        "DataExportTag": "QID_A1",
        "QuestionType": "RO",
        "Selector": "RO",
        "SubSelector": "DRAG_AND_DROP",
        "Configuration": {
          "QuestionDescriptionOption": "UseText"
        },
        "Validation": {
          "Settings": {
            "ForceResponse": "OFF",
            "Type": "",
            "RO": {
              "Type": "NoTie",
              "ForceRank": "ON"
            }
          }
        },
        "GradingData": [],
        "Language": [],
        "NextChoiceId": 5,
        "NextAnswerId": 1,
        "Choices": {
          "1": {
            "Display": "The city council passed a late-night noise ordinance after months of complaints from residents near the riverfront entertainment district. The new regulation aims to reduce noise levels during late hours, particularly on weekends, in response to concerns about disturbances affecting nearby neighborhoods. Enforcement will begin next month.",
            "VariableName": "news_gpt5_50",
            "Recode": "11"
          },
          "2": {
            "Display": "After months of complaints from residents, the City Council passed a new late-night noise ordinance aimed at reducing disturbances near the riverfront entertainment district. The decision came late Thursday evening following a public hearing where numerous residents voiced concerns about loud music, amplified sounds, and late-night events disturbing the neighborhood. The ordinance imposes stricter noise limits during late-night hours, particularly for venues hosting live music and large gatherings. Council members debated the balance between supporting local businesses and addressing residents' quality of life, ultimately voting in favor of the measure with a majority. The new rules will require businesses to monitor sound levels more closely and implement noise reduction strategies, such as soundproofing or limiting outdoor events. City officials emphasized that enforcement will begin with warnings and gradually increase penalties for repeated violations. Local business owners have expressed mixed reactions, with some concerned about the impact on their operations.",
            "VariableName": "news_gpt5_150",
            "Recode": "12"
          },
          "3": {
            "Display": "City Council passed a new late-night noise ordinance Tuesday, addressing months of escalating resident complaints about excessive sound near the riverfront entertainment district. The measure restricts amplified noise after 11 PM on weekdays and midnight on weekends. Supporters hope the change will restore peace while critics worry about the impact on local businesses.",
            "VariableName": "news_gemini_50",
            "Recode": "13"
          },
          "4": {
            "Display": "After months of mounting resident complaints, the City Council voted 6-1 early Thursday morning to approve a new late-night noise ordinance targeting the burgeoning riverfront entertainment district. The measure establishes a strict 11 p.m. cutoff for outdoor amplified sound on weekdays and midnight on weekends for all venues within a three-block radius of the Riverwalk. Councilmember Sarah Chen, who introduced the ordinance, cited over 200 formal noise complaints lodged by nearby apartment and condo residents since the beginning of the year, stating the new rules were necessary to balance economic vitality with residential quality-of-life. Business owners in the area, who attended the lengthy session, expressed concerns that the earlier cutoff times could severely impact their summer revenue. Enforcement of the new regulation, which carries a $500 fine for first-time offenders, will begin on June 1. The city's Police Department will handle the implementation and initial 90-day review of the ordinance’s impact.",
            "VariableName": "news_gemini_150",
            "Recode": "14"
          }
        },
        "ChoiceOrder": [
          1,
          2,
          3,
          4
        ],
        "Randomization": {
          "Advanced": {
            "FixedOrder": [
              1,
              2,
              3,
              4
            ],
            "Randomize": false
          }
        },
        "RecodeValues": {
          "1": "11",
          "2": "12",
          "3": "13",
          "4": "14"
        },
        "RecodeValuesEnabled": true,
        "QuestionID": "QID_A1",
        "DataVisibility": {
          "Private": false,
          "Hidden": false
        }
      }
    },
    {
      "SurveyID": "SV_AI_Text_Ranking_2x2x2",
      "Element": "SQ",
      "PrimaryAttribute": "QID_A2",
      "SecondaryAttribute": "Rank the 4 News texts by human-likeness (1 = most human-like … 4 = least). No ties.",
      "TertiaryAttribute": "1",
      "Payload": {
        "QuestionText": "Rank the 4 News texts by human-likeness (1 = most human-like … 4 = least). No ties.",
        "DefaultChoices": false,
        "DataExportTag": "QID_A2",
        "QuestionType": "RO",
        "Selector": "RO",
        "SubSelector": "DRAG_AND_DROP",
        "Configuration": {
          "QuestionDescriptionOption": "UseText"
        },
        "Validation": {
          "Settings": {
            "ForceResponse": "OFF",
            "Type": "",
            "RO": {
              "Type": "NoTie",
              "ForceRank": "ON"
            }
          }
        },
        "GradingData": [],
        "Language": [],
        "NextChoiceId": 5,
        "NextAnswerId": 1,
        "Choices": {
          "1": {
            "Display": "After months of complaints from residents, the City Council passed a new late-night noise ordinance aimed at reducing disturbances near the riverfront entertainment district. The decision came late Thursday evening following a public hearing where numerous residents voiced concerns about loud music, amplified sounds, and late-night events disturbing the neighborhood. The ordinance imposes stricter noise limits during late-night hours, particularly for venues hosting live music and large gatherings. Council members debated the balance between supporting local businesses and addressing residents' quality of life, ultimately voting in favor of the measure with a majority. The new rules will require businesses to monitor sound levels more closely and implement noise reduction strategies, such as soundproofing or limiting outdoor events. City officials emphasized that enforcement will begin with warnings and gradually increase penalties for repeated violations. Local business owners have expressed mixed reactions, with some concerned about the impact on their operations.",
            "VariableName": "news_gpt5_150",
            "Recode": "12"
          },
          "2": {
            "Display": "City Council passed a new late-night noise ordinance Tuesday, addressing months of escalating resident complaints about excessive sound near the riverfront entertainment district. The measure restricts amplified noise after 11 PM on weekdays and midnight on weekends. Supporters hope the change will restore peace while critics worry about the impact on local businesses.",
            "VariableName": "news_gemini_50",
            "Recode": "13"
          },
          "3": {
            "Display": "After months of mounting resident complaints, the City Council voted 6-1 early Thursday morning to approve a new late-night noise ordinance targeting the burgeoning riverfront entertainment district. The measure establishes a strict 11 p.m. cutoff for outdoor amplified sound on weekdays and midnight on weekends for all venues within a three-block radius of the Riverwalk. Councilmember Sarah Chen, who introduced the ordinance, cited over 200 formal noise complaints lodged by nearby apartment and condo residents since the beginning of the year, stating the new rules were necessary to balance economic vitality with residential quality-of-life. Business owners in the area, who attended the lengthy session, expressed concerns that the earlier cutoff times could severely impact their summer revenue. Enforcement of the new regulation, which carries a $500 fine for first-time offenders, will begin on June 1. The city's Police Department will handle the implementation and initial 90-day review of the ordinance’s impact.",
            "VariableName": "news_gemini_150",
            "Recode": "14"
          },
          "4": {
            "Display": "The city council passed a late-night noise ordinance after months of complaints from residents near the riverfront entertainment district. The new regulation aims to reduce noise levels during late hours, particularly on weekends, in response to concerns about disturbances affecting nearby neighborhoods. Enforcement will begin next month.",
            "VariableName": "news_gpt5_50",
            "Recode": "11"
          }
        },
        "ChoiceOrder": [
          1,
          2,
          3,
          4
        ],
        "Randomization": {
          "Advanced": {
            "FixedOrder": [
              1,
              2,
              3,
              4
            ],
            "Randomize": false
          }
        },
        "RecodeValues": {
          "1": "12",
          "2": "13",
          "3": "14",
          "4": "11"
        },
        "RecodeValuesEnabled": true,
        "QuestionID": "QID_A2",
        "DataVisibility": {
          "Private": false,
          "Hidden": false
        }
      }
    },
    {
      "SurveyID": "SV_AI_Text_Ranking_2x2x2",
      "Element": "SQ",
      "PrimaryAttribute": "QID_A3",
      "SecondaryAttribute": "Rank the 4 News texts by human-likeness (1 = most human-like … 4 = least). No ties.",
      "TertiaryAttribute": "1",
      "Payload": {
        "QuestionText": "Rank the 4 News texts by human-likeness (1 = most human-like … 4 = least). No ties.",
        "DefaultChoices": false,
        "DataExportTag": "QID_A3",
        "QuestionType": "RO",
        "Selector": "RO",
        "SubSelector": "DRAG_AND_DROP",
        "Configuration": {
          "QuestionDescriptionOption": "UseText"
        },
        "Validation": {
          "Settings": {
            "ForceResponse": "OFF",
            "Type": "",
            "RO": {
              "Type": "NoTie",
              "ForceRank": "ON"
            }
          }
        },
        "GradingData": [],
        "Language": [],
        "NextChoiceId": 5,
        "NextAnswerId": 1,
        "Choices": {
          "1": {
            "Display": "City Council passed a new late-night noise ordinance Tuesday, addressing months of escalating resident complaints about excessive sound near the riverfront entertainment district. The measure restricts amplified noise after 11 PM on weekdays and midnight on weekends. Supporters hope the change will restore peace while critics worry about the impact on local businesses.",
            "VariableName": "news_gemini_50",
            "Recode": "13"
          },
          "2": {
            "Display": "After months of mounting resident complaints, the City Council voted 6-1 early Thursday morning to approve a new late-night noise ordinance targeting the burgeoning riverfront entertainment district. The measure establishes a strict 11 p.m. cutoff for outdoor amplified sound on weekdays and midnight on weekends for all venues within a three-block radius of the Riverwalk. Councilmember Sarah Chen, who introduced the ordinance, cited over 200 formal noise complaints lodged by nearby apartment and condo residents since the beginning of the year, stating the new rules were necessary to balance economic vitality with residential quality-of-life. Business owners in the area, who attended the lengthy session, expressed concerns that the earlier cutoff times could severely impact their summer revenue. Enforcement of the new regulation, which carries a $500 fine for first-time offenders, will begin on June 1. The city's Police Department will handle the implementation and initial 90-day review of the ordinance’s impact.",
            "VariableName": "news_gemini_150",
            "Recode": "14"
          },
          "3": {
            "Display": "The city council passed a late-night noise ordinance after months of complaints from residents near the riverfront entertainment district. The new regulation aims to reduce noise levels during late hours, particularly on weekends, in response to concerns about disturbances affecting nearby neighborhoods. Enforcement will begin next month.",
            "VariableName": "news_gpt5_50",
            "Recode": "11"
          },
          "4": {
            "Display": "After months of complaints from residents, the City Council passed a new late-night noise ordinance aimed at reducing disturbances near the riverfront entertainment district. The decision came late Thursday evening following a public hearing where numerous residents voiced concerns about loud music, amplified sounds, and late-night events disturbing the neighborhood. The ordinance imposes stricter noise limits during late-night hours, particularly for venues hosting live music and large gatherings. Council members debated the balance between supporting local businesses and addressing residents' quality of life, ultimately voting in favor of the measure with a majority. The new rules will require businesses to monitor sound levels more closely and implement noise reduction strategies, such as soundproofing or limiting outdoor events. City officials emphasized that enforcement will begin with warnings and gradually increase penalties for repeated violations. Local business owners have expressed mixed reactions, with some concerned about the impact on their operations.",
            "VariableName": "news_gpt5_150",
            "Recode": "12"
          }
        },
        "ChoiceOrder": [
          1,
          2,
          3,
          4
        ],
        "Randomization": {
          "Advanced": {
            "FixedOrder": [
              1,
              2,
              3,
              4
            ],
            "Randomize": false
          }
        },
        "RecodeValues": {
          "1": "13",
          "2": "14",
          "3": "11",
          "4": "12"
        },
        "RecodeValuesEnabled": true,
        "QuestionID": "QID_A3",
        "DataVisibility": {
          "Private": false,
          "Hidden": false
        }
      }
    },
    {
      "SurveyID": "SV_AI_Text_Ranking_2x2x2",
      "Element": "SQ",
      "PrimaryAttribute": "QID_A4",
      "SecondaryAttribute": "Rank the 4 News texts by human-likeness (1 = most human-like … 4 = least). No ties.",
      "TertiaryAttribute": "1",
      "Payload": {
        "QuestionText": "Rank the 4 News texts by human-likeness (1 = most human-like … 4 = least). No ties.",
        "DefaultChoices": false,
        "DataExportTag": "QID_A4",
        "QuestionType": "RO",
        "Selector": "RO",
        "SubSelector": "DRAG_AND_DROP",
        "Configuration": {
          "QuestionDescriptionOption": "UseText"
        },
        "Validation": {
          "Settings": {
            "ForceResponse": "OFF",
            "Type": "",
            "RO": {
              "Type": "NoTie",
              "ForceRank": "ON"
            }
          }
        },
        "GradingData": [],
        "Language": [],
        "NextChoiceId": 5,
        "NextAnswerId": 1,
        "Choices": {
          "1": {
            "Display": "After months of mounting resident complaints, the City Council voted 6-1 early Thursday morning to approve a new late-night noise ordinance targeting the burgeoning riverfront entertainment district. The measure establishes a strict 11 p.m. cutoff for outdoor amplified sound on weekdays and midnight on weekends for all venues within a three-block radius of the Riverwalk. Councilmember Sarah Chen, who introduced the ordinance, cited over 200 formal noise complaints lodged by nearby apartment and condo residents since the beginning of the year, stating the new rules were necessary to balance economic vitality with residential quality-of-life. Business owners in the area, who attended the lengthy session, expressed concerns that the earlier cutoff times could severely impact their summer revenue. Enforcement of the new regulation, which carries a $500 fine for first-time offenders, will begin on June 1. The city's Police Department will handle the implementation and initial 90-day review of the ordinance’s impact.",
            "VariableName": "news_gemini_150",
            "Recode": "14"
          },
          "2": {
            "Display": "The city council passed a late-night noise ordinance after months of complaints from residents near the riverfront entertainment district. The new regulation aims to reduce noise levels during late hours, particularly on weekends, in response to concerns about disturbances affecting nearby neighborhoods. Enforcement will begin next month.",
            "VariableName": "news_gpt5_50",
            "Recode": "11"
          },
          "3": {
            "Display": "After months of complaints from residents, the City Council passed a new late-night noise ordinance aimed at reducing disturbances near the riverfront entertainment district. The decision came late Thursday evening following a public hearing where numerous residents voiced concerns about loud music, amplified sounds, and late-night events disturbing the neighborhood. The ordinance imposes stricter noise limits during late-night hours, particularly for venues hosting live music and large gatherings. Council members debated the balance between supporting local businesses and addressing residents' quality of life, ultimately voting in favor of the measure with a majority. The new rules will require businesses to monitor sound levels more closely and implement noise reduction strategies, such as soundproofing or limiting outdoor events. City officials emphasized that enforcement will begin with warnings and gradually increase penalties for repeated violations. Local business owners have expressed mixed reactions, with some concerned about the impact on their operations.",
            "VariableName": "news_gpt5_150",
            "Recode": "12"
          },
          "4": {
            "Display": "City Council passed a new late-night noise ordinance Tuesday, addressing months of escalating resident complaints about excessive sound near the riverfront entertainment district. The measure restricts amplified noise after 11 PM on weekdays and midnight on weekends. Supporters hope the change will restore peace while critics worry about the impact on local businesses.",
            "VariableName": "news_gemini_50",
            "Recode": "13"
          }
        },
        "ChoiceOrder": [
          1,
          2,
          3,
          4
        ],
        "Randomization": {
          "Advanced": {
            "FixedOrder": [
              1,
              2,
              3,
              4
            ],
            "Randomize": false
          }
        },
        "RecodeValues": {
          "1": "14",
          "2": "11",
          "3": "12",
          "4": "13"
        },
        "RecodeValuesEnabled": true,
        "QuestionID": "QID_A4",
        "DataVisibility": {
          "Private": false,
          "Hidden": false
        }
      }
    },
    {
      "SurveyID": "SV_AI_Text_Ranking_2x2x2",
      "Element": "SQ",
      "PrimaryAttribute": "QID_B1",
      "SecondaryAttribute": "Rank the 4 Fiction texts by human-likeness (1 = most human-like … 4 = least). No ties.",
      "TertiaryAttribute": "1",
      "Payload": {
        "QuestionText": "Rank the 4 Fiction texts by human-likeness (1 = most human-like … 4 = least). No ties.",
        "DefaultChoices": false,
        "DataExportTag": "QID_B1",
        "QuestionType": "RO",
        "Selector": "RO",
        "SubSelector": "DRAG_AND_DROP",
        "Configuration": {
          "QuestionDescriptionOption": "UseText"
        },
        "Validation": {
          "Settings": {
            "ForceResponse": "OFF",
            "Type": "",
            "RO": {
              "Type": "NoTie",
              "ForceRank": "ON"
            }
          }
        },
        "GradingData": [],
        "Language": [],
        "NextChoiceId": 5,
        "NextAnswerId": 1,
        "Choices": {
          "1": {
            "Display": "The rain arrived in a furious blur, soaking him before he could reach the train. Wet fingers fumbled through his pockets—empty. The key, gone. He stood at the curb, breath tight in his chest, then spotted a torn cardboard box. A shivering compromise. He slid it under his shirt.",
            "VariableName": "fiction_gpt5_50",
            "Recode": "21"
          },
          "2": {
            "Display": "The sky split with a sudden, silver deluge. He clutched his leather briefcase, realizing the brass key, usually clipped to the lining, was gone. Water immediately soaked his thin linen jacket. A chill set in. He assessed the five-block distance, calculating if the rusted fire-escape stairs were less risky than hailing a desperate cab.",
            "VariableName": "fiction_gemini_50",
            "Recode": "23"
          },
          "3": {
            "Display": "The rain arrived like a curtain dropping, sudden and cold, drenching the streets in seconds. Martin stood under the small awning of a corner shop, the key to his apartment nowhere in his pockets. He had slipped it into his jacket earlier—hadn’t he? Now, only loose change and a crumpled receipt. The water pooled at his shoes, the weight of the moment pressing as much as the weight of the downpour. His eyes darted across the street, but the flashing light of a bus passing by reminded him that he couldn’t go home just yet. He turned, eyes scanning for something—anything—that might get him inside. A forgotten cardboard box leaned against the lamppost, and he wrenched it open, finding nothing but old newspapers. In desperation, he stuffed his hands into a damp alley’s trash bin, hoping the key had somehow slipped out, only to feel the slick, sharp edge of a broken bottle instead.",
            "VariableName": "fiction_gpt5_150",
            "Recode": "22"
          },
          "4": {
            "Display": "The evening train screeched to a wet halt, and the skies opened instantly, dropping sheets of cold, silver rain onto the platform. He yanked his umbrella open, the cheap plastic momentarily sticking, and hurried toward the street, picturing the warm, dry air of his apartment. It was only when he reached the porch light, the water already soaking his trouser cuffs, that his fingers brushed the empty coin pocket. Panic tightened his chest; the spare key, usually nested beside three old pennies, was gone. The downpour intensified, blurring the streetlights into golden smears. Shivering, he glanced at the narrow, locked window of his kitchen, the pane always a little loose on its track. He retrieved a forgotten library card from his wallet, its worn edge thin as paper, and decided on a vertical climb up the slick, moss-covered drainpipe to the second floor, improvising a desperate, dark route into the dry quiet inside.",
            "VariableName": "fiction_gemini_150",
            "Recode": "24"
          }
        },
        "ChoiceOrder": [
          1,
          2,
          3,
          4
        ],
        "Randomization": {
          "Advanced": {
            "FixedOrder": [
              1,
              2,
              3,
              4
            ],
            "Randomize": false
          }
        },
        "RecodeValues": {
          "1": "21",
          "2": "23",
          "3": "22",
          "4": "24"
        },
        "RecodeValuesEnabled": true,
        "QuestionID": "QID_B1",
        "DataVisibility": {
          "Private": false,
          "Hidden": false
        }
      }
    },
    {
      "SurveyID": "SV_AI_Text_Ranking_2x2x2",
      "Element": "SQ",
      "PrimaryAttribute": "QID_B2",
      "SecondaryAttribute": "Rank the 4 Fiction texts by human-likeness (1 = most human-like … 4 = least). No ties.",
      "TertiaryAttribute": "1",
      "Payload": {
        "QuestionText": "Rank the 4 Fiction texts by human-likeness (1 = most human-like … 4 = least). No ties.",
        "DefaultChoices": false,
        "DataExportTag": "QID_B2",
        "QuestionType": "RO",
        "Selector": "RO",
        "SubSelector": "DRAG_AND_DROP",
        "Configuration": {
          "QuestionDescriptionOption": "UseText"
        },
        "Validation": {
          "Settings": {
            "ForceResponse": "OFF",
            "Type": "",
            "RO": {
              "Type": "NoTie",
              "ForceRank": "ON"
            }
          }
        },
        "GradingData": [],
        "Language": [],
        "NextChoiceId": 5,
        "NextAnswerId": 1,
        "Choices": {
          "1": {
            "Display": "The sky split with a sudden, silver deluge. He clutched his leather briefcase, realizing the brass key, usually clipped to the lining, was gone. Water immediately soaked his thin linen jacket. A chill set in. He assessed the five-block distance, calculating if the rusted fire-escape stairs were less risky than hailing a desperate cab.",
            "VariableName": "fiction_gemini_50",
            "Recode": "23"
          },
          "2": {
            "Display": "The rain arrived like a curtain dropping, sudden and cold, drenching the streets in seconds. Martin stood under the small awning of a corner shop, the key to his apartment nowhere in his pockets. He had slipped it into his jacket earlier—hadn’t he? Now, only loose change and a crumpled receipt. The water pooled at his shoes, the weight of the moment pressing as much as the weight of the downpour. His eyes darted across the street, but the flashing light of a bus passing by reminded him that he couldn’t go home just yet. He turned, eyes scanning for something—anything—that might get him inside. A forgotten cardboard box leaned against the lamppost, and he wrenched it open, finding nothing but old newspapers. In desperation, he stuffed his hands into a damp alley’s trash bin, hoping the key had somehow slipped out, only to feel the slick, sharp edge of a broken bottle instead.",
            "VariableName": "fiction_gpt5_150",
            "Recode": "22"
          },
          "3": {
            "Display": "The evening train screeched to a wet halt, and the skies opened instantly, dropping sheets of cold, silver rain onto the platform. He yanked his umbrella open, the cheap plastic momentarily sticking, and hurried toward the street, picturing the warm, dry air of his apartment. It was only when he reached the porch light, the water already soaking his trouser cuffs, that his fingers brushed the empty coin pocket. Panic tightened his chest; the spare key, usually nested beside three old pennies, was gone. The downpour intensified, blurring the streetlights into golden smears. Shivering, he glanced at the narrow, locked window of his kitchen, the pane always a little loose on its track. He retrieved a forgotten library card from his wallet, its worn edge thin as paper, and decided on a vertical climb up the slick, moss-covered drainpipe to the second floor, improvising a desperate, dark route into the dry quiet inside.",
            "VariableName": "fiction_gemini_150",
            "Recode": "24"
          },
          "4": {
            "Display": "The rain arrived in a furious blur, soaking him before he could reach the train. Wet fingers fumbled through his pockets—empty. The key, gone. He stood at the curb, breath tight in his chest, then spotted a torn cardboard box. A shivering compromise. He slid it under his shirt.",
            "VariableName": "fiction_gpt5_50",
            "Recode": "21"
          }
        },
        "ChoiceOrder": [
          1,
          2,
          3,
          4
        ],
        "Randomization": {
          "Advanced": {
            "FixedOrder": [
              1,
              2,
              3,
              4
            ],
            "Randomize": false
          }
        },
        "RecodeValues": {
          "1": "23",
          "2": "22",
          "3": "24",
          "4": "21"
        },
        "RecodeValuesEnabled": true,
        "QuestionID": "QID_B2",
        "DataVisibility": {
          "Private": false,
          "Hidden": false
        }
      }
    },
    {
      "SurveyID": "SV_AI_Text_Ranking_2x2x2",
      "Element": "SQ",
      "PrimaryAttribute": "QID_B3",
      "SecondaryAttribute": "Rank the 4 Fiction texts by human-likeness (1 = most human-like … 4 = least). No ties.",
      "TertiaryAttribute": "1",
      "Payload": {
        "QuestionText": "Rank the 4 Fiction texts by human-likeness (1 = most human-like … 4 = least). No ties.",
        "DefaultChoices": false,
        "DataExportTag": "QID_B3",
        "QuestionType": "RO",
        "Selector": "RO",
        "SubSelector": "DRAG_AND_DROP",
        "Configuration": {
          "QuestionDescriptionOption": "UseText"
        },
        "Validation": {
          "Settings": {
            "ForceResponse": "OFF",
            "Type": "",
            "RO": {
              "Type": "NoTie",
              "ForceRank": "ON"
            }
          }
        },
        "GradingData": [],
        "Language": [],
        "NextChoiceId": 5,
        "NextAnswerId": 1,
        "Choices": {
          "1": {
            "Display": "The rain arrived like a curtain dropping, sudden and cold, drenching the streets in seconds. Martin stood under the small awning of a corner shop, the key to his apartment nowhere in his pockets. He had slipped it into his jacket earlier—hadn’t he? Now, only loose change and a crumpled receipt. The water pooled at his shoes, the weight of the moment pressing as much as the weight of the downpour. His eyes darted across the street, but the flashing light of a bus passing by reminded him that he couldn’t go home just yet. He turned, eyes scanning for something—anything—that might get him inside. A forgotten cardboard box leaned against the lamppost, and he wrenched it open, finding nothing but old newspapers. In desperation, he stuffed his hands into a damp alley’s trash bin, hoping the key had somehow slipped out, only to feel the slick, sharp edge of a broken bottle instead.",
            "VariableName": "fiction_gpt5_150",
            "Recode": "22"
          },
          "2": {
            "Display": "The evening train screeched to a wet halt, and the skies opened instantly, dropping sheets of cold, silver rain onto the platform. He yanked his umbrella open, the cheap plastic momentarily sticking, and hurried toward the street, picturing the warm, dry air of his apartment. It was only when he reached the porch light, the water already soaking his trouser cuffs, that his fingers brushed the empty coin pocket. Panic tightened his chest; the spare key, usually nested beside three old pennies, was gone. The downpour intensified, blurring the streetlights into golden smears. Shivering, he glanced at the narrow, locked window of his kitchen, the pane always a little loose on its track. He retrieved a forgotten library card from his wallet, its worn edge thin as paper, and decided on a vertical climb up the slick, moss-covered drainpipe to the second floor, improvising a desperate, dark route into the dry quiet inside.",
            "VariableName": "fiction_gemini_150",
            "Recode": "24"
          },
          "3": {
            "Display": "The rain arrived in a furious blur, soaking him before he could reach the train. Wet fingers fumbled through his pockets—empty. The key, gone. He stood at the curb, breath tight in his chest, then spotted a torn cardboard box. A shivering compromise. He slid it under his shirt.",
            "VariableName": "fiction_gpt5_50",
            "Recode": "21"
          },
          "4": {
            "Display": "The sky split with a sudden, silver deluge. He clutched his leather briefcase, realizing the brass key, usually clipped to the lining, was gone. Water immediately soaked his thin linen jacket. A chill set in. He assessed the five-block distance, calculating if the rusted fire-escape stairs were less risky than hailing a desperate cab.",
            "VariableName": "fiction_gemini_50",
            "Recode": "23"
          }
        },
        "ChoiceOrder": [
          1,
          2,
          3,
          4
        ],
        "Randomization": {
          "Advanced": {
            "FixedOrder": [
              1,
              2,
              3,
              4
            ],
            "Randomize": false
          }
        },
        "RecodeValues": {
          "1": "22",
          "2": "24",
          "3": "21",
          "4": "23"
        },
        "RecodeValuesEnabled": true,
        "QuestionID": "QID_B3",
        "DataVisibility": {
          "Private": false,
          "Hidden": false
        }
      }
    },
    {
      "SurveyID": "SV_AI_Text_Ranking_2x2x2",
      "Element": "SQ",
      "PrimaryAttribute": "QID_B4",
      "SecondaryAttribute": "Rank the 4 Fiction texts by human-likeness (1 = most human-like … 4 = least). No ties.",
      "TertiaryAttribute": "1",
      "Payload": {
        "QuestionText": "Rank the 4 Fiction texts by human-likeness (1 = most human-like … 4 = least). No ties.",
        "DefaultChoices": false,
        "DataExportTag": "QID_B4",
        "QuestionType": "RO",
        "Selector": "RO",
        "SubSelector": "DRAG_AND_DROP",
        "Configuration": {
          "QuestionDescriptionOption": "UseText"
        },
        "Validation": {
          "Settings": {
            "ForceResponse": "OFF",
            "Type": "",
            "RO": {
              "Type": "NoTie",
              "ForceRank": "ON"
            }
          }
        },
        "GradingData": [],
        "Language": [],
        "NextChoiceId": 5,
        "NextAnswerId": 1,
        "Choices": {
          "1": {
            "Display": "The evening train screeched to a wet halt, and the skies opened instantly, dropping sheets of cold, silver rain onto the platform. He yanked his umbrella open, the cheap plastic momentarily sticking, and hurried toward the street, picturing the warm, dry air of his apartment. It was only when he reached the porch light, the water already soaking his trouser cuffs, that his fingers brushed the empty coin pocket. Panic tightened his chest; the spare key, usually nested beside three old pennies, was gone. The downpour intensified, blurring the streetlights into golden smears. Shivering, he glanced at the narrow, locked window of his kitchen, the pane always a little loose on its track. He retrieved a forgotten library card from his wallet, its worn edge thin as paper, and decided on a vertical climb up the slick, moss-covered drainpipe to the second floor, improvising a desperate, dark route into the dry quiet inside.",
            "VariableName": "fiction_gemini_150",
            "Recode": "24"
          },
          "2": {
            "Display": "The rain arrived in a furious blur, soaking him before he could reach the train. Wet fingers fumbled through his pockets—empty. The key, gone. He stood at the curb, breath tight in his chest, then spotted a torn cardboard box. A shivering compromise. He slid it under his shirt.",
            "VariableName": "fiction_gpt5_50",
            "Recode": "21"
          },
          "3": {
            "Display": "The sky split with a sudden, silver deluge. He clutched his leather briefcase, realizing the brass key, usually clipped to the lining, was gone. Water immediately soaked his thin linen jacket. A chill set in. He assessed the five-block distance, calculating if the rusted fire-escape stairs were less risky than hailing a desperate cab.",
            "VariableName": "fiction_gemini_50",
            "Recode": "23"
          },
          "4": {
            "Display": "The rain arrived like a curtain dropping, sudden and cold, drenching the streets in seconds. Martin stood under the small awning of a corner shop, the key to his apartment nowhere in his pockets. He had slipped it into his jacket earlier—hadn’t he? Now, only loose change and a crumpled receipt. The water pooled at his shoes, the weight of the moment pressing as much as the weight of the downpour. His eyes darted across the street, but the flashing light of a bus passing by reminded him that he couldn’t go home just yet. He turned, eyes scanning for something—anything—that might get him inside. A forgotten cardboard box leaned against the lamppost, and he wrenched it open, finding nothing but old newspapers. In desperation, he stuffed his hands into a damp alley’s trash bin, hoping the key had somehow slipped out, only to feel the slick, sharp edge of a broken bottle instead.",
            "VariableName": "fiction_gpt5_150",
            "Recode": "22"
          }
        },
        "ChoiceOrder": [
          1,
          2,
          3,
          4
        ],
        "Randomization": {
          "Advanced": {
            "FixedOrder": [
              1,
              2,
              3,
              4
            ],
            "Randomize": false
          }
        },
        "RecodeValues": {
          "1": "24",
          "2": "21",
          "3": "23",
          "4": "22"
        },
        "RecodeValuesEnabled": true,
        "QuestionID": "QID_B4",
        "DataVisibility": {
          "Private": false,
          "Hidden": false
        }
      }
    },
    {
      "SurveyID": "SV_AI_Text_Ranking_2x2x2",
      "Element": "FL",
      "PrimaryAttribute": "FL_ROOT",
      "SecondaryAttribute": "Survey Flow",
      "Payload": {
        "Type": "Root",
        "FlowID": "FL_ROOT",
        "Flow": [
          {
            "Type": "Randomizer",
            "FlowID": "FL_RANDOMIZER",
            "EvenPresentation": 1,
            "Flow": [
              {
                "Type": "Group",
                "FlowID": "FL_FORM_1",
                "Description": "Form F1",
                "Flow": [
                  {
                    "Type": "EmbeddedData",
                    "FlowID": "FL_ED_1",
                    "EmbeddedData": [
                      {
                        "Field": "FORM",
                        "Type": "Custom",
                        "Value": "1"
                      },
                      {
                        "Field": "SET_ORDER",
                        "Type": "Custom",
                        "Value": "A-B"
                      },
                      {
                        "Field": "A_ORDER",
                        "Type": "Custom",
                        "Value": "1"
                      },
                      {
                        "Field": "B_ORDER",
                        "Type": "Custom",
                        "Value": "1"
                      }
                    ]
                  },
                  {
                    "Type": "Block",
                    "FlowID": "FL_FORM_1_1",
                    "ID": "BL_A1"
                  },
                  {
                    "Type": "Block",
                    "FlowID": "FL_FORM_1_2",
                    "ID": "BL_B1"
                  }
                ]
              },
              {
                "Type": "Group",
                "FlowID": "FL_FORM_2",
                "Description": "Form F2",
                "Flow": [
                  {
                    "Type": "EmbeddedData",
                    "FlowID": "FL_ED_2",
                    "EmbeddedData": [
                      {
                        "Field": "FORM",
                        "Type": "Custom",
                        "Value": "2"
                      },
                      {
                        "Field": "SET_ORDER",
                        "Type": "Custom",
                        "Value": "A-B"
                      },
                      {
                        "Field": "A_ORDER",
                        "Type": "Custom",
                        "Value": "2"
                      },
                      {
                        "Field": "B_ORDER",
                        "Type": "Custom",
                        "Value": "2"
                      }
                    ]
                  },
                  {
                    "Type": "Block",
                    "FlowID": "FL_FORM_2_1",
                    "ID": "BL_A2"
                  },
                  {
                    "Type": "Block",
                    "FlowID": "FL_FORM_2_2",
                    "ID": "BL_B2"
                  }
                ]
              },
              {
                "Type": "Group",
                "FlowID": "FL_FORM_3",
                "Description": "Form F3",
                "Flow": [
                  {
                    "Type": "EmbeddedData",
                    "FlowID": "FL_ED_3",
                    "EmbeddedData": [
                      {
                        "Field": "FORM",
                        "Type": "Custom",
                        "Value": "3"
                      },
                      {
                        "Field": "SET_ORDER",
                        "Type": "Custom",
                        "Value": "A-B"
                      },
                      {
                        "Field": "A_ORDER",
                        "Type": "Custom",
                        "Value": "3"
                      },
                      {
                        "Field": "B_ORDER",
                        "Type": "Custom",
                        "Value": "3"
                      }
                    ]
                  },
                  {
                    "Type": "Block",
                    "FlowID": "FL_FORM_3_1",
                    "ID": "BL_A3"
                  },
                  {
                    "Type": "Block",
                    "FlowID": "FL_FORM_3_2",
                    "ID": "BL_B3"
                  }
                ]
              },
              {
                "Type": "Group",
                "FlowID": "FL_FORM_4",
                "Description": "Form F4",
                "Flow": [
                  {
                    "Type": "EmbeddedData",
                    "FlowID": "FL_ED_4",
                    "EmbeddedData": [
                      {
                        "Field": "FORM",
                        "Type": "Custom",
                        "Value": "4"
                      },
                      {
                        "Field": "SET_ORDER",
                        "Type": "Custom",
                        "Value": "A-B"
                      },
                      {
                        "Field": "A_ORDER",
                        "Type": "Custom",
                        "Value": "4"
                      },
                      {
                        "Field": "B_ORDER",
                        "Type": "Custom",
                        "Value": "4"
                      }
                    ]
                  },
                  {
                    "Type": "Block",
                    "FlowID": "FL_FORM_4_1",
                    "ID": "BL_A4"
                  },
                  {
                    "Type": "Block",
                    "FlowID": "FL_FORM_4_2",
                    "ID": "BL_B4"
                  }
                ]
              },
              {
                "Type": "Group",
                "FlowID": "FL_FORM_5",
                "Description": "Form F5",
                "Flow": [
                  {
                    "Type": "EmbeddedData",
                    "FlowID": "FL_ED_5",
                    "EmbeddedData": [
                      {
                        "Field": "FORM",
                        "Type": "Custom",
                        "Value": "5"
                      },
                      {
                        "Field": "SET_ORDER",
                        "Type": "Custom",
                        "Value": "B-A"
                      },
                      {
                        "Field": "A_ORDER",
                        "Type": "Custom",
                        "Value": "1"
                      },
                      {
                        "Field": "B_ORDER",
                        "Type": "Custom",
                        "Value": "1"
                      }
                    ]
                  },
                  {
                    "Type": "Block",
                    "FlowID": "FL_FORM_5_1",
                    "ID": "BL_B1"
                  },
                  {
                    "Type": "Block",
                    "FlowID": "FL_FORM_5_2",
                    "ID": "BL_A1"
                  }
                ]
              },
              {
                "Type": "Group",
                "FlowID": "FL_FORM_6",
                "Description": "Form F6",
                "Flow": [
                  {
                    "Type": "EmbeddedData",
                    "FlowID": "FL_ED_6",
                    "EmbeddedData": [
                      {
                        "Field": "FORM",
                        "Type": "Custom",
                        "Value": "6"
                      },
                      {
                        "Field": "SET_ORDER",
                        "Type": "Custom",
                        "Value": "B-A"
                      },
                      {
                        "Field": "A_ORDER",
                        "Type": "Custom",
                        "Value": "2"
                      },
                      {
                        "Field": "B_ORDER",
                        "Type": "Custom",
                        "Value": "2"
                      }
                    ]
                  },
                  {
                    "Type": "Block",
                    "FlowID": "FL_FORM_6_1",
                    "ID": "BL_B2"
                  },
                  {
                    "Type": "Block",
                    "FlowID": "FL_FORM_6_2",
                    "ID": "BL_A2"
                  }
                ]
              },
              {
                "Type": "Group",
                "FlowID": "FL_FORM_7",
                "Description": "Form F7",
                "Flow": [
                  {
                    "Type": "EmbeddedData",
                    "FlowID": "FL_ED_7",
                    "EmbeddedData": [
                      {
                        "Field": "FORM",
                        "Type": "Custom",
                        "Value": "7"
                      },
                      {
                        "Field": "SET_ORDER",
                        "Type": "Custom",
                        "Value": "B-A"
                      },
                      {
                        "Field": "A_ORDER",
                        "Type": "Custom",
                        "Value": "3"
                      },
                      {
                        "Field": "B_ORDER",
                        "Type": "Custom",
                        "Value": "3"
                      }
                    ]
                  },
                  {
                    "Type": "Block",
                    "FlowID": "FL_FORM_7_1",
                    "ID": "BL_B3"
                  },
                  {
                    "Type": "Block",
                    "FlowID": "FL_FORM_7_2",
                    "ID": "BL_A3"
                  }
                ]
              },
              {
                "Type": "Group",
                "FlowID": "FL_FORM_8",
                "Description": "Form F8",
                "Flow": [
                  {
                    "Type": "EmbeddedData",
                    "FlowID": "FL_ED_8",
                    "EmbeddedData": [
                      {
                        "Field": "FORM",
                        "Type": "Custom",
                        "Value": "8"
                      },
                      {
                        "Field": "SET_ORDER",
                        "Type": "Custom",
                        "Value": "B-A"
                      },
                      {
                        "Field": "A_ORDER",
                        "Type": "Custom",
                        "Value": "4"
                      },
                      {
                        "Field": "B_ORDER",
                        "Type": "Custom",
                        "Value": "4"
                      }
                    ]
                  },
                  {
                    "Type": "Block",
                    "FlowID": "FL_FORM_8_1",
                    "ID": "BL_B4"
                  },
                  {
                    "Type": "Block",
                    "FlowID": "FL_FORM_8_2",
                    "ID": "BL_A4"
                  }
                ]
              }
            ],
            "SubSet": 8
          }
        ],
        "Properties": {
          "Count": 1
        }
      }
    },
    {
      "SurveyID": "SV_AI_Text_Ranking_2x2x2",
      "Element": "OP",
      "PrimaryAttribute": "Survey Options",
      "SecondaryAttribute": null,
      "Payload": {
        "BackButton": "false",
        "SaveAndContinue": "true",
        "SurveyProtection": "Public",
        "BallotBoxStuffingPrevention": "false",
        "SurveyExpiration": null,
        "SurveyLanguage": "EN",
        "SurveyName": "AI_Text_Ranking_2x2x2"
      }
    },
    {
      "SurveyID": "SV_AI_Text_Ranking_2x2x2",
      "Element": "QT",
      "PrimaryAttribute": "Quotas",
      "SecondaryAttribute": null,
      "Payload": {
        "Quotas": [
          {
            "Description": "FORM 1",
            "QuotaID": "Quota_FORM_1",
            "Logic": [
              {
                "LogicType": "EmbeddedData",
                "Field": "FORM",
                "Operator": "EqualTo",
                "Value": "1"
              }
            ],
            "QuotaAction": "EndSurvey",
            "Count": 2,
            "Occurrences": "Once",
            "QuotaLogicType": "Simple",
            "DisplayLogic": [],
            "Exceeded": {
              "LogicType": "Action",
              "Action": "EndSurvey",
              "MessageLibraryID": null,
              "MessageID": "MS_Closed"
            }
          },
          {
            "Description": "FORM 2",
            "QuotaID": "Quota_FORM_2",
            "Logic": [
              {
                "LogicType": "EmbeddedData",
                "Field": "FORM",
                "Operator": "EqualTo",
                "Value": "2"
              }
            ],
            "QuotaAction": "EndSurvey",
            "Count": 2,
            "Occurrences": "Once",
            "QuotaLogicType": "Simple",
            "DisplayLogic": [],
            "Exceeded": {
              "LogicType": "Action",
              "Action": "EndSurvey",
              "MessageLibraryID": null,
              "MessageID": "MS_Closed"
            }
          },
          {
            "Description": "FORM 3",
            "QuotaID": "Quota_FORM_3",
            "Logic": [
              {
                "LogicType": "EmbeddedData",
                "Field": "FORM",
                "Operator": "EqualTo",
                "Value": "3"
              }
            ],
            "QuotaAction": "EndSurvey",
            "Count": 2,
            "Occurrences": "Once",
            "QuotaLogicType": "Simple",
            "DisplayLogic": [],
            "Exceeded": {
              "LogicType": "Action",
              "Action": "EndSurvey",
              "MessageLibraryID": null,
              "MessageID": "MS_Closed"
            }
          },
          {
            "Description": "FORM 4",
            "QuotaID": "Quota_FORM_4",
            "Logic": [
              {
                "LogicType": "EmbeddedData",
                "Field": "FORM",
                "Operator": "EqualTo",
                "Value": "4"
              }
            ],
            "QuotaAction": "EndSurvey",
            "Count": 2,
            "Occurrences": "Once",
            "QuotaLogicType": "Simple",
            "DisplayLogic": [],
            "Exceeded": {
              "LogicType": "Action",
              "Action": "EndSurvey",
              "MessageLibraryID": null,
              "MessageID": "MS_Closed"
            }
          },
          {
            "Description": "FORM 5",
            "QuotaID": "Quota_FORM_5",
            "Logic": [
              {
                "LogicType": "EmbeddedData",
                "Field": "FORM",
                "Operator": "EqualTo",
                "Value": "5"
              }
            ],
            "QuotaAction": "EndSurvey",
            "Count": 2,
            "Occurrences": "Once",
            "QuotaLogicType": "Simple",
            "DisplayLogic": [],
            "Exceeded": {
              "LogicType": "Action",
              "Action": "EndSurvey",
              "MessageLibraryID": null,
              "MessageID": "MS_Closed"
            }
          },
          {
            "Description": "FORM 6",
            "QuotaID": "Quota_FORM_6",
            "Logic": [
              {
                "LogicType": "EmbeddedData",
                "Field": "FORM",
                "Operator": "EqualTo",
                "Value": "6"
              }
            ],
            "QuotaAction": "EndSurvey",
            "Count": 2,
            "Occurrences": "Once",
            "QuotaLogicType": "Simple",
            "DisplayLogic": [],
            "Exceeded": {
              "LogicType": "Action",
              "Action": "EndSurvey",
              "MessageLibraryID": null,
              "MessageID": "MS_Closed"
            }
          },
          {
            "Description": "FORM 7",
            "QuotaID": "Quota_FORM_7",
            "Logic": [
              {
                "LogicType": "EmbeddedData",
                "Field": "FORM",
                "Operator": "EqualTo",
                "Value": "7"
              }
            ],
            "QuotaAction": "EndSurvey",
            "Count": 2,
            "Occurrences": "Once",
            "QuotaLogicType": "Simple",
            "DisplayLogic": [],
            "Exceeded": {
              "LogicType": "Action",
              "Action": "EndSurvey",
              "MessageLibraryID": null,
              "MessageID": "MS_Closed"
            }
          },
          {
            "Description": "FORM 8",
            "QuotaID": "Quota_FORM_8",
            "Logic": [
              {
                "LogicType": "EmbeddedData",
                "Field": "FORM",
                "Operator": "EqualTo",
                "Value": "8"
              }
            ],
            "QuotaAction": "EndSurvey",
            "Count": 2,
            "Occurrences": "Once",
            "QuotaLogicType": "Simple",
            "DisplayLogic": [],
            "Exceeded": {
              "LogicType": "Action",
              "Action": "EndSurvey",
              "MessageLibraryID": null,
              "MessageID": "MS_Closed"
            }
          }
        ],
        "OnBlockedMessage": "MS_Closed"
      }
    }
  ]
}